
Microsoft Visual Studio Solution File, Format Version 12.00
# Visual Studio Version 17
VisualStudioVersion = 17.5.33424.131
MinimumVisualStudioVersion = 10.0.40219.1
Project("{FAE04EC0-301F-11D3-BF4B-00C04F79EFBC}") = "task_week1", "task_week1\task_week1.csproj", "{57FD5C09-3E4C-4807-91F6-086C043A09ED}"
EndProject
Global
	GlobalSection(SolutionConfigurationPlatforms) = preSolution
		Debug|Any CPU = Debug|Any CPU
		Release|Any CPU = Release|Any CPU
	EndGlobalSection
	GlobalSection(ProjectConfigurationPlatforms) = postSolution
		{57FD5C09-3E4C-4807-91F6-086C043A09ED}.Debug|Any CPU.ActiveCfg = Debug|Any CPU
		{57FD5C09-3E4C-4807-91F6-086C043A09ED}.Debug|Any CPU.Build.0 = Debug|Any CPU
		{57FD5C09-3E4C-4807-91F6-086C043A09ED}.Release|Any CPU.ActiveCfg = Release|Any CPU
		{57FD5C09-3E4C-4807-91F6-086C043A09ED}.Release|Any CPU.Build.0 = Release|Any CPU
	EndGlobalSection
	GlobalSection(SolutionProperties) = preSolution
		HideSolutionNode = FALSE
	EndGlobalSection
	GlobalSection(ExtensibilityGlobals) = postSolution
		SolutionGuid = {A0CA8C15-40FA-4354-8D3E-D766ED9CCCC4}
	EndGlobalSection
EndGlobal
